# THIS IS AN AUTOGENERATED FILE. DO NOT EDIT THIS FILE DIRECTLY.
# yarn lockfile v1


alfy@^0.1.0:
  version "0.1.1"
  resolved "https://registry.yarnpkg.com/alfy/-/alfy-0.1.1.tgz#a8c70b49fa9feded6a0741e756bc2b70851d4ab5"
  integrity sha1-qMcLSfqf7e1qB0HnVrwrcIUdSrU=
  dependencies:
    clean-stack "^0.1.0"
    conf "^0.11.0"
    find-up "^1.1.2"
    hook-std "^0.2.0"
    loud-rejection "^1.6.0"

array-find-index@^1.0.1:
  version "1.0.2"
  resolved "https://registry.yarnpkg.com/array-find-index/-/array-find-index-1.0.2.tgz#df010aa1287e164bbda6f9723b0a96a1ec4187a1"
  integrity sha1-3wEKoSh+Fku9pvlyOwqWoexBh6E=

clean-stack@^0.1.0:
  version "0.1.1"
  resolved "https://registry.yarnpkg.com/clean-stack/-/clean-stack-0.1.1.tgz#bf48c8146fc9d3eefe0216fd76e6cda9a9497bb9"
  integrity sha1-v0jIFG/J0+7+Ahb9dubNqalJe7k=

cloudinary@^1.14.0:
  version "1.14.0"
  resolved "https://registry.yarnpkg.com/cloudinary/-/cloudinary-1.14.0.tgz#40f66d6b34169849ae98ca9e56bc99b2b26dd48f"
  integrity sha512-auJY4aD1UGnQTD2iy6kuTA+FJsqyrr9svG12WYSPAO6oRGRf+16UFDDBNuRMm37wj8Tyn8LyiED0b+Jha36ORA==
  dependencies:
    lodash "^4.17.11"
    q "^1.5.1"

conf@^0.11.0:
  version "0.11.2"
  resolved "https://registry.yarnpkg.com/conf/-/conf-0.11.2.tgz#879f479267600483e502583462ca4063fc9779b2"
  integrity sha1-h59HkmdgBIPlAlg0YspAY/yXebI=
  dependencies:
    dot-prop "^3.0.0"
    env-paths "^0.3.0"
    mkdirp "^0.5.1"
    pkg-up "^1.0.0"

currently-unhandled@^0.4.1:
  version "0.4.1"
  resolved "https://registry.yarnpkg.com/currently-unhandled/-/currently-unhandled-0.4.1.tgz#988df33feab191ef799a61369dd76c17adf957ea"
  integrity sha1-mI3zP+qxke95mmE2nddsF635V+o=
  dependencies:
    array-find-index "^1.0.1"

dot-prop@^3.0.0:
  version "3.0.0"
  resolved "https://registry.yarnpkg.com/dot-prop/-/dot-prop-3.0.0.tgz#1b708af094a49c9a0e7dbcad790aba539dac1177"
  integrity sha1-G3CK8JSknJoOfbyteQq6U52sEXc=
  dependencies:
    is-obj "^1.0.0"

dotenv@^8.0.0:
  version "8.0.0"
  resolved "https://registry.yarnpkg.com/dotenv/-/dotenv-8.0.0.tgz#ed310c165b4e8a97bb745b0a9d99c31bda566440"
  integrity sha512-30xVGqjLjiUOArT4+M5q9sYdvuR4riM6yK9wMcas9Vbp6zZa+ocC9dp6QoftuhTPhFAiLK/0C5Ni2nou/Bk8lg==

env-paths@^0.3.0:
  version "0.3.1"
  resolved "https://registry.yarnpkg.com/env-paths/-/env-paths-0.3.1.tgz#c30ccfcbc30c890943dc08a85582517ef00da463"
  integrity sha1-wwzPy8MMiQlD3AioVYJRfvANpGM=

find-up@^1.0.0, find-up@^1.1.2:
  version "1.1.2"
  resolved "https://registry.yarnpkg.com/find-up/-/find-up-1.1.2.tgz#6b2e9822b1a2ce0a60ab64d610eccad53cb24d0f"
  integrity sha1-ay6YIrGizgpgq2TWEOzK1TyyTQ8=
  dependencies:
    path-exists "^2.0.0"
    pinkie-promise "^2.0.0"

hook-std@^0.2.0:
  version "0.2.0"
  resolved "https://registry.yarnpkg.com/hook-std/-/hook-std-0.2.0.tgz#ea51c136b0196fada7595ec8de95014034ca1fe6"
  integrity sha1-6lHBNrAZb62nWV7I3pUBQDTKH+Y=

is-obj@^1.0.0:
  version "1.0.1"
  resolved "https://registry.yarnpkg.com/is-obj/-/is-obj-1.0.1.tgz#3e4729ac1f5fde025cd7d83a896dab9f4f67db0f"
  integrity sha1-PkcprB9f3gJc19g6iW2rn09n2w8=

lodash@^4.17.11:
  version "4.17.21"
  resolved "https://registry.yarnpkg.com/lodash/-/lodash-4.17.21.tgz#679591c564c3bffaae8454cf0b3df370c3d6911c"
  integrity sha512-v2kDEe57lecTulaDIuNTPy3Ry4gLGJ6Z1O3vE1krgXZNrsQ+LFTGHVxVjcXPs17LhbZVGedAJv8XZ1tvj5FvSg==

loud-rejection@^1.6.0:
  version "1.6.0"
  resolved "https://registry.yarnpkg.com/loud-rejection/-/loud-rejection-1.6.0.tgz#5b46f80147edee578870f086d04821cf998e551f"
  integrity sha1-W0b4AUft7leIcPCG0Eghz5mOVR8=
  dependencies:
    currently-unhandled "^0.4.1"
    signal-exit "^3.0.0"

minimist@0.0.8:
  version "0.0.8"
  resolved "https://registry.yarnpkg.com/minimist/-/minimist-0.0.8.tgz#857fcabfc3397d2625b8228262e86aa7a011b05d"
  integrity sha1-hX/Kv8M5fSYluCKCYuhqp6ARsF0=

mkdirp@^0.5.1:
  version "0.5.1"
  resolved "https://registry.yarnpkg.com/mkdirp/-/mkdirp-0.5.1.tgz#30057438eac6cf7f8c4767f38648d6697d75c903"
  integrity sha1-MAV0OOrGz3+MR2fzhkjWaX11yQM=
  dependencies:
    minimist "0.0.8"

path-exists@^2.0.0:
  version "2.1.0"
  resolved "https://registry.yarnpkg.com/path-exists/-/path-exists-2.1.0.tgz#0feb6c64f0fc518d9a754dd5efb62c7022761f4b"
  integrity sha1-D+tsZPD8UY2adU3V77YscCJ2H0s=
  dependencies:
    pinkie-promise "^2.0.0"

pinkie-promise@^2.0.0:
  version "2.0.1"
  resolved "https://registry.yarnpkg.com/pinkie-promise/-/pinkie-promise-2.0.1.tgz#2135d6dfa7a358c069ac9b178776288228450ffa"
  integrity sha1-ITXW36ejWMBprJsXh3YogihFD/o=
  dependencies:
    pinkie "^2.0.0"

pinkie@^2.0.0:
  version "2.0.4"
  resolved "https://registry.yarnpkg.com/pinkie/-/pinkie-2.0.4.tgz#72556b80cfa0d48a974e80e77248e80ed4f7f870"
  integrity sha1-clVrgM+g1IqXToDnckjoDtT3+HA=

pkg-up@^1.0.0:
  version "1.0.0"
  resolved "https://registry.yarnpkg.com/pkg-up/-/pkg-up-1.0.0.tgz#3e08fb461525c4421624a33b9f7e6d0af5b05a26"
  integrity sha1-Pgj7RhUlxEIWJKM7n35tCvWwWiY=
  dependencies:
    find-up "^1.0.0"

q@^1.5.1:
  version "1.5.1"
  resolved "https://registry.yarnpkg.com/q/-/q-1.5.1.tgz#7e32f75b41381291d04611f1bf14109ac00651d7"
  integrity sha1-fjL3W0E4EpHQRhHxvxQQmsAGUdc=

signal-exit@^3.0.0:
  version "3.0.2"
  resolved "https://registry.yarnpkg.com/signal-exit/-/signal-exit-3.0.2.tgz#b5fdc08f1287ea1178628e415e25132b73646c6d"
  integrity sha1-tf3AjxKH6hF4Yo5BXiUTK3NkbG0=
